
Microsoft Visual Studio Solution File, Format Version 12.00
# Visual Studio 15
VisualStudioVersion = 15.0.27004.2002
MinimumVisualStudioVersion = 10.0.40219.1
Project("{FAE04EC0-301F-11D3-BF4B-00C04F79EFBC}") = "Sisfarma.RestClient", "Sisfarma.RestClient\Sisfarma.RestClient.csproj", "{496093B9-667B-4041-8581-462771FC68FC}"
EndProject
Project("{FAE04EC0-301F-11D3-BF4B-00C04F79EFBC}") = "Sisfarma.ClickOnce", "Sisfarma.ClickOnce\Sisfarma.ClickOnce.csproj", "{92CBB2CC-844F-4B52-9208-87B322BB6DBA}"
EndProject
Project("{FAE04EC0-301F-11D3-BF4B-00C04F79EFBC}") = "Sisfarma.Uninstall", "Sisfarma.Uninstall\Sisfarma.Uninstall.csproj", "{09C83554-3836-46E1-9E55-AAC5F235080C}"
EndProject
Project("{FAE04EC0-301F-11D3-BF4B-00C04F79EFBC}") = "Sisfarma.Sincronizador.Unycop", "Sisfarma.Sincronizador.Unycop\Sisfarma.Sincronizador.Unycop.csproj", "{61F08E5B-C092-4E54-8687-34F5827B54E3}"
EndProject
Project("{2150E333-8FDC-42A3-9474-1A3956D46DE8}") = "ClickOnce", "ClickOnce", "{D1152B5E-95F1-48D5-A2B0-033D2BE9272D}"
EndProject
Project("{2150E333-8FDC-42A3-9474-1A3956D46DE8}") = "Unycop", "Unycop", "{3E0F63DB-6306-49AB-B5BD-A9D81A0DCAA1}"
EndProject
Project("{2150E333-8FDC-42A3-9474-1A3956D46DE8}") = "RestClient", "RestClient", "{41764C70-6B77-41D3-B438-82ED44E954F7}"
EndProject
Project("{2150E333-8FDC-42A3-9474-1A3956D46DE8}") = "Core", "Core", "{F5C466C7-0B98-4515-9A06-0DC370E4BFB3}"
EndProject
Project("{FAE04EC0-301F-11D3-BF4B-00C04F79EFBC}") = "Sisfarma.Sincronizador.Core", "Sisfarma.Sincronizador.Core\Sisfarma.Sincronizador.Core.csproj", "{2E7A3E8F-959C-4C3A-9D86-7C2B61FE0724}"
EndProject
Project("{FAE04EC0-301F-11D3-BF4B-00C04F79EFBC}") = "Sisfarma.Sincronizador.Domain.Entities", "Sisfarma.Sincronizador.Domain.Entities\Sisfarma.Sincronizador.Domain.Entities.csproj", "{E3C4EEFD-3134-458C-8141-15CCDA19300B}"
EndProject
Project("{FAE04EC0-301F-11D3-BF4B-00C04F79EFBC}") = "Sisfarma.Sincronizador.Infrastructure", "Sisfarma.Sincronizador.Infrastructure\Sisfarma.Sincronizador.Infrastructure.csproj", "{3308B4C4-2740-49FC-B021-1CA7CA59A4D6}"
EndProject
Project("{FAE04EC0-301F-11D3-BF4B-00C04F79EFBC}") = "Sisfarma.Sincronizador.Domain.Core", "Sisfarma.Sincronizador.Domain.Core\Sisfarma.Sincronizador.Domain.Core.csproj", "{1F2269EE-5AAB-4F0B-BDE5-CE3E863BE613}"
EndProject
Project("{FAE04EC0-301F-11D3-BF4B-00C04F79EFBC}") = "Sisfarma.Sincronizador.Unycop.Infrastructure", "Sisfarma.Sincronizador.Unycop.Infrastructure\Sisfarma.Sincronizador.Unycop.Infrastructure.csproj", "{D21CF482-E9C4-437C-A311-D459730F96D1}"
EndProject
Project("{FAE04EC0-301F-11D3-BF4B-00C04F79EFBC}") = "Sisfarma.Sincronizador.Unycop.Domain.Core", "Sisfarma.Sincronizador.Unycop.Domain.Core\Sisfarma.Sincronizador.Unycop.Domain.Core.csproj", "{3D6C7586-ECDE-4051-8DC0-BD512BC653BC}"
EndProject
Project("{FAE04EC0-301F-11D3-BF4B-00C04F79EFBC}") = "Sisfarma.Sincronizador.Unycop.IoC", "Sisfarma.Sincronizador.Unycop.IoC\Sisfarma.Sincronizador.Unycop.IoC.csproj", "{2D532790-603F-41AF-B830-66AEE06DD4BF}"
EndProject
Global
	GlobalSection(SolutionConfigurationPlatforms) = preSolution
		Debug|Any CPU = Debug|Any CPU
		Release|Any CPU = Release|Any CPU
	EndGlobalSection
	GlobalSection(ProjectConfigurationPlatforms) = postSolution
		{496093B9-667B-4041-8581-462771FC68FC}.Debug|Any CPU.ActiveCfg = Debug|Any CPU
		{496093B9-667B-4041-8581-462771FC68FC}.Debug|Any CPU.Build.0 = Debug|Any CPU
		{496093B9-667B-4041-8581-462771FC68FC}.Release|Any CPU.ActiveCfg = Release|Any CPU
		{496093B9-667B-4041-8581-462771FC68FC}.Release|Any CPU.Build.0 = Release|Any CPU
		{92CBB2CC-844F-4B52-9208-87B322BB6DBA}.Debug|Any CPU.ActiveCfg = Debug|Any CPU
		{92CBB2CC-844F-4B52-9208-87B322BB6DBA}.Debug|Any CPU.Build.0 = Debug|Any CPU
		{92CBB2CC-844F-4B52-9208-87B322BB6DBA}.Release|Any CPU.ActiveCfg = Release|Any CPU
		{92CBB2CC-844F-4B52-9208-87B322BB6DBA}.Release|Any CPU.Build.0 = Release|Any CPU
		{09C83554-3836-46E1-9E55-AAC5F235080C}.Debug|Any CPU.ActiveCfg = Debug|Any CPU
		{09C83554-3836-46E1-9E55-AAC5F235080C}.Debug|Any CPU.Build.0 = Debug|Any CPU
		{09C83554-3836-46E1-9E55-AAC5F235080C}.Release|Any CPU.ActiveCfg = Release|Any CPU
		{09C83554-3836-46E1-9E55-AAC5F235080C}.Release|Any CPU.Build.0 = Release|Any CPU
		{61F08E5B-C092-4E54-8687-34F5827B54E3}.Debug|Any CPU.ActiveCfg = Debug|Any CPU
		{61F08E5B-C092-4E54-8687-34F5827B54E3}.Debug|Any CPU.Build.0 = Debug|Any CPU
		{61F08E5B-C092-4E54-8687-34F5827B54E3}.Release|Any CPU.ActiveCfg = Release|Any CPU
		{61F08E5B-C092-4E54-8687-34F5827B54E3}.Release|Any CPU.Build.0 = Release|Any CPU
		{2E7A3E8F-959C-4C3A-9D86-7C2B61FE0724}.Debug|Any CPU.ActiveCfg = Debug|Any CPU
		{2E7A3E8F-959C-4C3A-9D86-7C2B61FE0724}.Debug|Any CPU.Build.0 = Debug|Any CPU
		{2E7A3E8F-959C-4C3A-9D86-7C2B61FE0724}.Release|Any CPU.ActiveCfg = Release|Any CPU
		{2E7A3E8F-959C-4C3A-9D86-7C2B61FE0724}.Release|Any CPU.Build.0 = Release|Any CPU
		{E3C4EEFD-3134-458C-8141-15CCDA19300B}.Debug|Any CPU.ActiveCfg = Debug|Any CPU
		{E3C4EEFD-3134-458C-8141-15CCDA19300B}.Debug|Any CPU.Build.0 = Debug|Any CPU
		{E3C4EEFD-3134-458C-8141-15CCDA19300B}.Release|Any CPU.ActiveCfg = Release|Any CPU
		{E3C4EEFD-3134-458C-8141-15CCDA19300B}.Release|Any CPU.Build.0 = Release|Any CPU
		{3308B4C4-2740-49FC-B021-1CA7CA59A4D6}.Debug|Any CPU.ActiveCfg = Debug|Any CPU
		{3308B4C4-2740-49FC-B021-1CA7CA59A4D6}.Debug|Any CPU.Build.0 = Debug|Any CPU
		{3308B4C4-2740-49FC-B021-1CA7CA59A4D6}.Release|Any CPU.ActiveCfg = Release|Any CPU
		{3308B4C4-2740-49FC-B021-1CA7CA59A4D6}.Release|Any CPU.Build.0 = Release|Any CPU
		{1F2269EE-5AAB-4F0B-BDE5-CE3E863BE613}.Debug|Any CPU.ActiveCfg = Debug|Any CPU
		{1F2269EE-5AAB-4F0B-BDE5-CE3E863BE613}.Debug|Any CPU.Build.0 = Debug|Any CPU
		{1F2269EE-5AAB-4F0B-BDE5-CE3E863BE613}.Release|Any CPU.ActiveCfg = Release|Any CPU
		{1F2269EE-5AAB-4F0B-BDE5-CE3E863BE613}.Release|Any CPU.Build.0 = Release|Any CPU
		{D21CF482-E9C4-437C-A311-D459730F96D1}.Debug|Any CPU.ActiveCfg = Debug|Any CPU
		{D21CF482-E9C4-437C-A311-D459730F96D1}.Debug|Any CPU.Build.0 = Debug|Any CPU
		{D21CF482-E9C4-437C-A311-D459730F96D1}.Release|Any CPU.ActiveCfg = Release|Any CPU
		{D21CF482-E9C4-437C-A311-D459730F96D1}.Release|Any CPU.Build.0 = Release|Any CPU
		{3D6C7586-ECDE-4051-8DC0-BD512BC653BC}.Debug|Any CPU.ActiveCfg = Debug|Any CPU
		{3D6C7586-ECDE-4051-8DC0-BD512BC653BC}.Debug|Any CPU.Build.0 = Debug|Any CPU
		{3D6C7586-ECDE-4051-8DC0-BD512BC653BC}.Release|Any CPU.ActiveCfg = Release|Any CPU
		{3D6C7586-ECDE-4051-8DC0-BD512BC653BC}.Release|Any CPU.Build.0 = Release|Any CPU
		{2D532790-603F-41AF-B830-66AEE06DD4BF}.Debug|Any CPU.ActiveCfg = Debug|Any CPU
		{2D532790-603F-41AF-B830-66AEE06DD4BF}.Debug|Any CPU.Build.0 = Debug|Any CPU
		{2D532790-603F-41AF-B830-66AEE06DD4BF}.Release|Any CPU.ActiveCfg = Release|Any CPU
		{2D532790-603F-41AF-B830-66AEE06DD4BF}.Release|Any CPU.Build.0 = Release|Any CPU
	EndGlobalSection
	GlobalSection(SolutionProperties) = preSolution
		HideSolutionNode = FALSE
	EndGlobalSection
	GlobalSection(NestedProjects) = preSolution
		{496093B9-667B-4041-8581-462771FC68FC} = {41764C70-6B77-41D3-B438-82ED44E954F7}
		{92CBB2CC-844F-4B52-9208-87B322BB6DBA} = {D1152B5E-95F1-48D5-A2B0-033D2BE9272D}
		{09C83554-3836-46E1-9E55-AAC5F235080C} = {D1152B5E-95F1-48D5-A2B0-033D2BE9272D}
		{61F08E5B-C092-4E54-8687-34F5827B54E3} = {3E0F63DB-6306-49AB-B5BD-A9D81A0DCAA1}
		{2E7A3E8F-959C-4C3A-9D86-7C2B61FE0724} = {F5C466C7-0B98-4515-9A06-0DC370E4BFB3}
		{E3C4EEFD-3134-458C-8141-15CCDA19300B} = {F5C466C7-0B98-4515-9A06-0DC370E4BFB3}
		{3308B4C4-2740-49FC-B021-1CA7CA59A4D6} = {F5C466C7-0B98-4515-9A06-0DC370E4BFB3}
		{1F2269EE-5AAB-4F0B-BDE5-CE3E863BE613} = {F5C466C7-0B98-4515-9A06-0DC370E4BFB3}
		{D21CF482-E9C4-437C-A311-D459730F96D1} = {3E0F63DB-6306-49AB-B5BD-A9D81A0DCAA1}
		{3D6C7586-ECDE-4051-8DC0-BD512BC653BC} = {3E0F63DB-6306-49AB-B5BD-A9D81A0DCAA1}
		{2D532790-603F-41AF-B830-66AEE06DD4BF} = {3E0F63DB-6306-49AB-B5BD-A9D81A0DCAA1}
	EndGlobalSection
	GlobalSection(ExtensibilityGlobals) = postSolution
		SolutionGuid = {C014F770-27D9-498A-AD31-1E54338ED808}
	EndGlobalSection
EndGlobal
